{
  "name": "publish-packages",
  "version": "1.0.0",
  "lockfileVersion": 1,
  "requires": true,
  "dependencies": {
    "fibers": {
      "version": "1.0.15",
      "resolved": "https://registry.npmjs.org/fibers/-/fibers-1.0.15.tgz",
      "integrity": "sha1-IvA5yPGLhWGQ+75N7PBWFUwerpw="
    },
    "meteor-babel": {
      "version": "0.5.9",
      "resolved": "https://registry.npmjs.org/meteor-babel/-/meteor-babel-0.5.9.tgz",
      "integrity": "sha1-Hi6REhqcNUoWub4FVucC6OwAU0k=",
      "requires": {
        "babel-core": "5.8.24",
        "convert-source-map": "1.1.1"
      },
      "dependencies": {
        "acorn": {
          "version": "2.4.0",
          "resolved": "https://registry.npmjs.org/acorn/-/acorn-2.4.0.tgz",
          "integrity": "sha1-7w46wyLKUWoYRkUqzRGlVgNgrv4="
        },
        "acorn-globals": {
          "version": "1.0.6",
          "resolved": "https://registry.npmjs.org/acorn-globals/-/acorn-globals-1.0.6.tgz",
          "integrity": "sha1-3ysyCXUEu02jtI0B/Y2sRLNGsm0=",
          "requires": {
            "acorn": "2.4.0"
          }
        },
        "alter": {
          "version": "0.2.0",
          "resolved": "https://registry.npmjs.org/alter/-/alter-0.2.0.tgz",
          "integrity": "sha1-x1iICGF1cgNKrmJICvJrHU0cs80=",
          "requires": {
            "stable": "0.1.5"
          }
        },
        "amdefine": {
          "version": "1.0.0",
          "resolved": "https://registry.npmjs.org/amdefine/-/amdefine-1.0.0.tgz",
          "integrity": "sha1-/RdHRwDLXMnCtwnwvp0jzjwZjDM="
        },
        "ansi-regex": {
          "version": "2.0.0",
          "resolved": "https://registry.npmjs.org/ansi-regex/-/ansi-regex-2.0.0.tgz",
          "integrity": "sha1-xQYbbg74qBd15Q9dZhUb9r83EQc="
        },
        "ansi-styles": {
          "version": "2.1.0",
          "resolved": "https://registry.npmjs.org/ansi-styles/-/ansi-styles-2.1.0.tgz",
          "integrity": "sha1-mQ90cUaSe1Wakyv5KVkWPWDA0OI="
        },
        "asap": {
          "version": "2.0.3",
          "resolved": "https://registry.npmjs.org/asap/-/asap-2.0.3.tgz",
          "integrity": "sha1-H8HRVk7hFiDfym1nAphQkT+fRnk="
        },
        "ast-traverse": {
          "version": "0.1.1",
          "resolved": "https://registry.npmjs.org/ast-traverse/-/ast-traverse-0.1.1.tgz",
          "integrity": "sha1-ac8rg4bxnc2hux4F1o/jWdiJfeY="
        },
        "ast-types": {
          "version": "0.8.5",
          "resolved": "https://registry.npmjs.org/ast-types/-/ast-types-0.8.5.tgz",
          "integrity": "sha1-WhJzMMxeyXrFMpLj3PGhSptugD8="
        },
        "async": {
          "version": "0.2.10",
          "resolved": "https://registry.npmjs.org/async/-/async-0.2.10.tgz",
          "integrity": "sha1-trvgsGdLnXGXCMo43owjfLUmw9E="
        },
        "babel-core": {
          "version": "5.8.24",
          "resolved": "https://registry.npmjs.org/babel-core/-/babel-core-5.8.24.tgz",
          "integrity": "sha1-9J2ZMFEGWH7W8zmkC2hhfKtxNXs=",
          "requires": {
            "babel-plugin-constant-folding": "1.0.1",
            "babel-plugin-dead-code-elimination": "1.0.2",
            "babel-plugin-eval": "1.0.1",
            "babel-plugin-inline-environment-variables": "1.0.1",
            "babel-plugin-jscript": "1.0.4",
            "babel-plugin-member-expression-literals": "1.0.1",
            "babel-plugin-property-literals": "1.0.1",
            "babel-plugin-proto-to-assign": "1.0.4",
            "babel-plugin-react-constant-elements": "1.0.3",
            "babel-plugin-react-display-name": "1.0.3",
            "babel-plugin-remove-console": "1.0.1",
            "babel-plugin-remove-debugger": "1.0.1",
            "babel-plugin-runtime": "1.0.7",
            "babel-plugin-undeclared-variables-check": "1.0.2",
            "babel-plugin-undefined-to-void": "1.1.6",
            "babylon": "5.8.23",
            "bluebird": "2.10.0",
            "chalk": "1.1.1",
            "convert-source-map": "1.1.1",
            "core-js": "1.1.4",
            "debug": "2.2.0",
            "detect-indent": "3.0.1",
            "esutils": "2.0.2",
            "fs-readdir-recursive": "0.1.2",
            "globals": "6.4.1",
            "home-or-tmp": "1.0.0",
            "is-integer": "1.0.6",
            "js-tokens": "1.0.1",
            "json5": "0.4.0",
            "line-numbers": "0.2.0",
            "lodash": "3.10.1",
            "minimatch": "2.0.10",
            "output-file-sync": "1.1.1",
            "path-exists": "1.0.0",
            "path-is-absolute": "1.0.0",
            "private": "0.1.6",
            "regenerator": "0.8.35",
            "regexpu": "1.2.0",
            "repeating": "1.1.3",
            "resolve": "1.1.6",
            "shebang-regex": "1.0.0",
            "slash": "1.0.0",
            "source-map": "0.4.4",
            "source-map-support": "0.2.10",
            "to-fast-properties": "1.0.1",
            "trim-right": "1.0.1",
            "try-resolve": "1.0.1"
          }
        },
        "babel-plugin-constant-folding": {
          "version": "1.0.1",
          "resolved": "https://registry.npmjs.org/babel-plugin-constant-folding/-/babel-plugin-constant-folding-1.0.1.tgz",
          "integrity": "sha1-g2HTZMmORJw2kr26Ue/whEKQqo4="
        },
        "babel-plugin-dead-code-elimination": {
          "version": "1.0.2",
          "resolved": "https://registry.npmjs.org/babel-plugin-dead-code-elimination/-/babel-plugin-dead-code-elimination-1.0.2.tgz",
          "integrity": "sha1-X3xFEnTc18zNv7s+C4XdKBIfD2U="
        },
        "babel-plugin-eval": {
          "version": "1.0.1",
          "resolved": "https://registry.npmjs.org/babel-plugin-eval/-/babel-plugin-eval-1.0.1.tgz",
          "integrity": "sha1-ovrtJc5r5preS/7CY/cBaRlZUNo="
        },
        "babel-plugin-inline-environment-variables": {
          "version": "1.0.1",
          "resolved": "https://registry.npmjs.org/babel-plugin-inline-environment-variables/-/babel-plugin-inline-environment-variables-1.0.1.tgz",
          "integrity": "sha1-H1jOkSB61qgmqL9kX6/mj/X+P/4="
        },
        "babel-plugin-jscript": {
          "version": "1.0.4",
          "resolved": "https://registry.npmjs.org/babel-plugin-jscript/-/babel-plugin-jscript-1.0.4.tgz",
          "integrity": "sha1-jzQsOCduh6R9X6CovT1etsytj8w="
        },
        "babel-plugin-member-expression-literals": {
          "version": "1.0.1",
          "resolved": "https://registry.npmjs.org/babel-plugin-member-expression-literals/-/babel-plugin-member-expression-literals-1.0.1.tgz",
          "integrity": "sha1-zF7bD6qNyScXDnTW0cAkQAIWJNM="
        },
        "babel-plugin-property-literals": {
          "version": "1.0.1",
          "resolved": "https://registry.npmjs.org/babel-plugin-property-literals/-/babel-plugin-property-literals-1.0.1.tgz",
          "integrity": "sha1-AlIwGQAZKYCxwRjv6kjOk6q4MzY="
        },
        "babel-plugin-proto-to-assign": {
          "version": "1.0.4",
          "resolved": "https://registry.npmjs.org/babel-plugin-proto-to-assign/-/babel-plugin-proto-to-assign-1.0.4.tgz",
          "integrity": "sha1-xJ56/QL1d7xNoF6i3wAiUM980SM=",
          "requires": {
            "lodash": "3.10.1"
          }
        },
        "babel-plugin-react-constant-elements": {
          "version": "1.0.3",
          "resolved": "https://registry.npmjs.org/babel-plugin-react-constant-elements/-/babel-plugin-react-constant-elements-1.0.3.tgz",
          "integrity": "sha1-lGc26DeEKcvDSdz/YvUcFDs041o="
        },
        "babel-plugin-react-display-name": {
          "version": "1.0.3",
          "resolved": "https://registry.npmjs.org/babel-plugin-react-display-name/-/babel-plugin-react-display-name-1.0.3.tgz",
          "integrity": "sha1-dU/jiSboQkpOexWrbqYTne4FFPw="
        },
        "babel-plugin-remove-console": {
          "version": "1.0.1",
          "resolved": "https://registry.npmjs.org/babel-plugin-remove-console/-/babel-plugin-remove-console-1.0.1.tgz",
          "integrity": "sha1-2PJFVsOgUAXUKqqv0neH9T/wE6c="
        },
        "babel-plugin-remove-debugger": {
          "version": "1.0.1",
          "resolved": "https://registry.npmjs.org/babel-plugin-remove-debugger/-/babel-plugin-remove-debugger-1.0.1.tgz",
          "integrity": "sha1-/S6jzWGkKK0fO5yJiC/0KT6MFMc="
        },
        "babel-plugin-runtime": {
          "version": "1.0.7",
          "resolved": "https://registry.npmjs.org/babel-plugin-runtime/-/babel-plugin-runtime-1.0.7.tgz",
          "integrity": "sha1-v3x9lm3Vbs1cF/ocslPJrLflSq8="
        },
        "babel-plugin-undeclared-variables-check": {
          "version": "1.0.2",
          "resolved": "https://registry.npmjs.org/babel-plugin-undeclared-variables-check/-/babel-plugin-undeclared-variables-check-1.0.2.tgz",
          "integrity": "sha1-XPGqU52BP/ZOmWQSkK9iCWX2Xe4=",
          "requires": {
            "leven": "1.0.2"
          }
        },
        "babel-plugin-undefined-to-void": {
          "version": "1.1.6",
          "resolved": "https://registry.npmjs.org/babel-plugin-undefined-to-void/-/babel-plugin-undefined-to-void-1.1.6.tgz",
          "integrity": "sha1-f1eO+LeN+uYAM4XYQXph7aBuL4E="
        },
        "babylon": {
          "version": "5.8.23",
          "resolved": "https://registry.npmjs.org/babylon/-/babylon-5.8.23.tgz",
          "integrity": "sha1-rMXiaXxJrdCe3/btwDeVwsJnHeU="
        },
        "balanced-match": {
          "version": "0.2.0",
          "resolved": "https://registry.npmjs.org/balanced-match/-/balanced-match-0.2.0.tgz",
          "integrity": "sha1-OPZzDAOqttXtu1K9k0iF51bXFnQ="
        },
        "bluebird": {
          "version": "2.10.0",
          "resolved": "https://registry.npmjs.org/bluebird/-/bluebird-2.10.0.tgz",
          "integrity": "sha1-cB9QLS0jZWDfeSwAj+Gzs3k8lfQ="
        },
        "brace-expansion": {
          "version": "1.1.0",
          "resolved": "https://registry.npmjs.org/brace-expansion/-/brace-expansion-1.1.0.tgz",
          "integrity": "sha1-ybfQPAPze8cEvhAOUitA249s/Nk=",
          "requires": {
            "balanced-match": "0.2.0",
            "concat-map": "0.0.1"
          }
        },
        "breakable": {
          "version": "1.0.0",
          "resolved": "https://registry.npmjs.org/breakable/-/breakable-1.0.0.tgz",
          "integrity": "sha1-eEp5eRWjjq0nutRWtVcstLuqeME="
        },
        "camelcase": {
          "version": "1.2.1",
          "resolved": "https://registry.npmjs.org/camelcase/-/camelcase-1.2.1.tgz",
          "integrity": "sha1-m7UwTS4LVmmLLHWLCKPqqdqlijk="
        },
        "chalk": {
          "version": "1.1.1",
          "resolved": "https://registry.npmjs.org/chalk/-/chalk-1.1.1.tgz",
          "integrity": "sha1-UJr7ZwZudJn36zU1x3RFdyri0Bk=",
          "requires": {
            "ansi-styles": "2.1.0",
            "escape-string-regexp": "1.0.3",
            "has-ansi": "2.0.0",
            "strip-ansi": "3.0.0",
            "supports-color": "2.0.0"
          }
        },
        "character-parser": {
          "version": "1.2.1",
          "resolved": "https://registry.npmjs.org/character-parser/-/character-parser-1.2.1.tgz",
          "integrity": "sha1-wN3kqxgnE7kZuXCVmhI+zBow/NY="
        },
        "clean-css": {
          "version": "3.4.3",
          "resolved": "https://registry.npmjs.org/clean-css/-/clean-css-3.4.3.tgz",
          "integrity": "sha1-n5MAmPjEuK86K4LFUPeo5RD7Jv0=",
          "requires": {
            "commander": "2.8.1",
            "source-map": "0.4.4"
          },
          "dependencies": {
            "commander": {
              "version": "2.8.1",
              "resolved": "https://registry.npmjs.org/commander/-/commander-2.8.1.tgz",
              "integrity": "sha1-Br42f+v9oMMwqh4qBy09yXYkJdQ=",
              "requires": {
                "graceful-readlink": "1.0.1"
              }
            }
          }
        },
        "commander": {
          "version": "2.5.1",
          "resolved": "https://registry.npmjs.org/commander/-/commander-2.5.1.tgz",
          "integrity": "sha1-I8Yfbke+FDzALnrUuxxH9c1aKIM="
        },
        "commoner": {
          "version": "0.10.3",
          "resolved": "https://registry.npmjs.org/commoner/-/commoner-0.10.3.tgz",
          "integrity": "sha1-jUB/vKBC0SWGcpmKIG7B1SXJKyo=",
          "requires": {
            "commander": "2.5.1",
            "glob": "4.2.2",
            "graceful-fs": "3.0.8",
            "iconv-lite": "0.4.11",
            "install": "0.1.8",
            "mkdirp": "0.5.1",
            "private": "0.1.6",
            "q": "1.1.2",
            "recast": "0.10.24"
          }
        },
        "concat-map": {
          "version": "0.0.1",
          "resolved": "https://registry.npmjs.org/concat-map/-/concat-map-0.0.1.tgz",
          "integrity": "sha1-2Klr13/Wjfd5OnMDajug1UBdR3s="
        },
        "constantinople": {
          "version": "3.0.2",
          "resolved": "https://registry.npmjs.org/constantinople/-/constantinople-3.0.2.tgz",
          "integrity": "sha1-S5RdmTeQe82Y7ldRIsOBdRZUQUE=",
          "requires": {
            "acorn": "2.4.0"
          }
        },
        "convert-source-map": {
          "version": "1.1.1",
          "resolved": "https://registry.npmjs.org/convert-source-map/-/convert-source-map-1.1.1.tgz",
          "integrity": "sha1-dOUYJHMFhBOwkN1zd3rLxKD/88w="
        },
        "core-js": {
          "version": "1.1.4",
          "resolved": "https://registry.npmjs.org/core-js/-/core-js-1.1.4.tgz",
          "integrity": "sha1-4MdbRQWsPSEZ21CLmp66uzaL/qM="
        },
        "css": {
          "version": "1.0.8",
          "resolved": "https://registry.npmjs.org/css/-/css-1.0.8.tgz",
          "integrity": "sha1-k4aBHKgrzMnuf7WnMrHioxfIo+c=",
          "requires": {
            "css-parse": "1.0.4",
            "css-stringify": "1.0.5"
          }
        },
        "css-parse": {
          "version": "1.0.4",
          "resolved": "https://registry.npmjs.org/css-parse/-/css-parse-1.0.4.tgz",
          "integrity": "sha1-OLBQP7+dqfVOnB29pg4UXHcRe90="
        },
        "css-stringify": {
          "version": "1.0.5",
          "resolved": "https://registry.npmjs.org/css-stringify/-/css-stringify-1.0.5.tgz",
          "integrity": "sha1-sNBClG2ylTu50pKQCmy19tASIDE="
        },
        "debug": {
          "version": "2.2.0",
          "resolved": "https://registry.npmjs.org/debug/-/debug-2.2.0.tgz",
          "integrity": "sha1-+HBX6ZWxofauaklgZkE3vFbwOdo=",
          "requires": {
            "ms": "0.7.1"
          }
        },
        "decamelize": {
          "version": "1.0.0",
          "resolved": "https://registry.npmjs.org/decamelize/-/decamelize-1.0.0.tgz",
          "integrity": "sha1-UocSL3FpHUUFsY/yJY3EAKWyOEc="
        },
        "defs": {
          "version": "1.1.0",
          "resolved": "https://registry.npmjs.org/defs/-/defs-1.1.0.tgz",
          "integrity": "sha1-onEgGs0nHrC+iH7vxh7dn4nzK0k=",
          "requires": {
            "alter": "0.2.0",
            "ast-traverse": "0.1.1",
            "breakable": "1.0.0",
            "esprima-fb": "8001.1001.0-dev-harmony-fb",
            "simple-fmt": "0.1.0",
            "simple-is": "0.2.0",
            "stringmap": "0.2.2",
            "stringset": "0.2.1",
            "tryor": "0.1.2",
            "yargs": "1.3.3"
          },
          "dependencies": {
            "esprima-fb": {
              "version": "8001.1001.0-dev-harmony-fb",
              "resolved": "https://registry.npmjs.org/esprima-fb/-/esprima-fb-8001.1001.0-dev-harmony-fb.tgz",
              "integrity": "sha1-wxkLBTQdRWQ+CTr3BIWrSYjjTV4="
            }
          }
        },
        "detect-indent": {
          "version": "3.0.1",
          "resolved": "https://registry.npmjs.org/detect-indent/-/detect-indent-3.0.1.tgz",
          "integrity": "sha1-ncXl3bzu+DJXZLlFGwK8bVQIT3U=",
          "requires": {
            "get-stdin": "4.0.1",
            "minimist": "1.2.0",
            "repeating": "1.1.3"
          }
        },
        "diff": {
          "version": "1.4.0",
          "resolved": "https://registry.npmjs.org/diff/-/diff-1.4.0.tgz",
          "integrity": "sha1-fyjS657nsVqX79ic5j3P2qPMur8="
        },
        "escape-string-regexp": {
          "version": "1.0.3",
          "resolved": "https://registry.npmjs.org/escape-string-regexp/-/escape-string-regexp-1.0.3.tgz",
          "integrity": "sha1-ni2LJbwlVcMzZyN1DgPwmcJzW7U="
        },
        "esprima-fb": {
          "version": "15001.1.0-dev-harmony-fb",
          "resolved": "https://registry.npmjs.org/esprima-fb/-/esprima-fb-15001.1.0-dev-harmony-fb.tgz",
          "integrity": "sha1-MKlHMDxrjV6VW+4rmbHSMyBqaQE="
        },
        "esutils": {
          "version": "2.0.2",
          "resolved": "https://registry.npmjs.org/esutils/-/esutils-2.0.2.tgz",
          "integrity": "sha1-Cr9PHKpbyx96nYrMbepPqqBLrJs="
        },
        "fs-readdir-recursive": {
          "version": "0.1.2",
          "resolved": "https://registry.npmjs.org/fs-readdir-recursive/-/fs-readdir-recursive-0.1.2.tgz",
          "integrity": "sha1-MVtPuMHKW4xH3v7zGdBz2tNWgFk="
        },
        "get-stdin": {
          "version": "4.0.1",
          "resolved": "https://registry.npmjs.org/get-stdin/-/get-stdin-4.0.1.tgz",
          "integrity": "sha1-uWjGsKBDhDJJAui/Gl3zJXmkUP4="
        },
        "glob": {
          "version": "4.2.2",
          "resolved": "https://registry.npmjs.org/glob/-/glob-4.2.2.tgz",
          "integrity": "sha1-rSsEdlOljDh+Fd60OhlJf4P9KoA=",
          "requires": {
            "inflight": "1.0.4",
            "inherits": "2.0.1",
            "minimatch": "1.0.0",
            "once": "1.3.2"
          },
          "dependencies": {
            "minimatch": {
              "version": "1.0.0",
              "resolved": "https://registry.npmjs.org/minimatch/-/minimatch-1.0.0.tgz",
              "integrity": "sha1-4N0hILSeG3JM6NcUxSCCKpQ4V20=",
              "requires": {
                "lru-cache": "2.7.0",
                "sigmund": "1.0.1"
              }
            }
          }
        },
        "globals": {
          "version": "6.4.1",
          "resolved": "https://registry.npmjs.org/globals/-/globals-6.4.1.tgz",
          "integrity": "sha1-hJgDKzttHMge68X3lpDY/in6v08="
        },
        "graceful-fs": {
          "version": "3.0.8",
          "resolved": "https://registry.npmjs.org/graceful-fs/-/graceful-fs-3.0.8.tgz",
          "integrity": "sha1-zoE+cl+oL35hR9UcmlymgnBVHCI="
        },
        "graceful-readlink": {
          "version": "1.0.1",
          "resolved": "https://registry.npmjs.org/graceful-readlink/-/graceful-readlink-1.0.1.tgz",
          "integrity": "sha1-TK+tdrxi8C+gObL5Tpo906ORpyU="
        },
        "growl": {
          "version": "1.8.1",
          "resolved": "https://registry.npmjs.org/growl/-/growl-1.8.1.tgz",
          "integrity": "sha1-Sy3sjZB+k9szZiTc7AGDUC+MlCg="
        },
        "has-ansi": {
          "version": "2.0.0",
          "resolved": "https://registry.npmjs.org/has-ansi/-/has-ansi-2.0.0.tgz",
          "integrity": "sha1-NPUEnOHs3ysGSa8+8k5F7TVBbZE=",
          "requires": {
            "ansi-regex": "2.0.0"
          }
        },
        "home-or-tmp": {
          "version": "1.0.0",
          "resolved": "https://registry.npmjs.org/home-or-tmp/-/home-or-tmp-1.0.0.tgz",
          "integrity": "sha1-S58eQIAMPlDGwn94FnavzOcfOYU=",
          "requires": {
            "os-tmpdir": "1.0.1",
            "user-home": "1.1.1"
          }
        },
        "iconv-lite": {
          "version": "0.4.11",
          "resolved": "https://registry.npmjs.org/iconv-lite/-/iconv-lite-0.4.11.tgz",
          "integrity": "sha1-LstC/SlHRJIiCaLnxATayHk9it4="
        },
        "inflight": {
          "version": "1.0.4",
          "resolved": "https://registry.npmjs.org/inflight/-/inflight-1.0.4.tgz",
          "integrity": "sha1-bLtFIevVHODsCpNr/XZX736bFyo=",
          "requires": {
            "once": "1.3.2",
            "wrappy": "1.0.1"
          }
        },
        "inherits": {
          "version": "2.0.1",
          "resolved": "https://registry.npmjs.org/inherits/-/inherits-2.0.1.tgz",
          "integrity": "sha1-sX0I0ya0Qj5Wjv9xn5GwscvfafE="
        },
        "install": {
          "version": "0.1.8",
          "resolved": "https://registry.npmjs.org/install/-/install-0.1.8.tgz",
          "integrity": "sha1-mYDvk+MN+1NHeNFjvIbd1HKtX+g="
        },
        "is-finite": {
          "version": "1.0.1",
          "resolved": "https://registry.npmjs.org/is-finite/-/is-finite-1.0.1.tgz",
          "integrity": "sha1-ZDhgPq6+J5OUj/SkJi7I2z1iWXs=",
          "requires": {
            "number-is-nan": "1.0.0"
          }
        },
        "is-integer": {
          "version": "1.0.6",
          "resolved": "https://registry.npmjs.org/is-integer/-/is-integer-1.0.6.tgz",
          "integrity": "sha1-UnOBn62ogNEj4awAqTjnFy3Y2V4=",
          "requires": {
            "is-finite": "1.0.1"
          }
        },
        "is-promise": {
          "version": "2.1.0",
          "resolved": "https://registry.npmjs.org/is-promise/-/is-promise-2.1.0.tgz",
          "integrity": "sha1-eaKp7OfwlugPNtKy87wWwf9L8/o="
        },
        "jade": {
          "version": "1.11.0",
          "resolved": "https://registry.npmjs.org/jade/-/jade-1.11.0.tgz",
          "integrity": "sha1-nIDlOMEtP7lcjZu5VZ+gzAQEBf0=",
          "requires": {
            "character-parser": "1.2.1",
            "clean-css": "3.4.3",
            "commander": "2.6.0",
            "constantinople": "3.0.2",
            "jstransformer": "0.0.2",
            "mkdirp": "0.5.1",
            "transformers": "2.1.0",
            "uglify-js": "2.4.24",
            "void-elements": "2.0.1",
            "with": "4.0.3"
          },
          "dependencies": {
            "commander": {
              "version": "2.6.0",
              "resolved": "https://registry.npmjs.org/commander/-/commander-2.6.0.tgz",
              "integrity": "sha1-nfflL7Kgyw+4kFjugMMQQiXzfh0="
            }
          }
        },
        "js-tokens": {
          "version": "1.0.1",
          "resolved": "https://registry.npmjs.org/js-tokens/-/js-tokens-1.0.1.tgz",
          "integrity": "sha1-zENaXIuUrRWst5gxQPyAGCyJrq4="
        },
        "jsesc": {
          "version": "0.5.0",
          "resolved": "https://registry.npmjs.org/jsesc/-/jsesc-0.5.0.tgz",
          "integrity": "sha1-597mbjXW/Bb3EP6R1c9p9w8IkR0="
        },
        "json5": {
          "version": "0.4.0",
          "resolved": "https://registry.npmjs.org/json5/-/json5-0.4.0.tgz",
          "integrity": "sha1-BUNS5MTIDIbAkjh31EneF2pzLI0="
        },
        "jstransformer": {
          "version": "0.0.2",
          "resolved": "https://registry.npmjs.org/jstransformer/-/jstransformer-0.0.2.tgz",
          "integrity": "sha1-eq4pqQPRls+glz2IXT5HlH7Ndqs=",
          "requires": {
            "is-promise": "2.1.0",
            "promise": "6.1.0"
          },
          "dependencies": {
            "asap": {
              "version": "1.0.0",
              "resolved": "https://registry.npmjs.org/asap/-/asap-1.0.0.tgz",
              "integrity": "sha1-sqRdpf36ILBJb8N2jMJ8EvqRan0="
            },
            "promise": {
              "version": "6.1.0",
              "resolved": "https://registry.npmjs.org/promise/-/promise-6.1.0.tgz",
              "integrity": "sha1-LOcp9rlLRcJoka0GAsXJDgTG7vY=",
              "requires": {
                "asap": "1.0.0"
              }
            }
          }
        },
        "left-pad": {
          "version": "0.0.3",
          "resolved": "https://registry.npmjs.org/left-pad/-/left-pad-0.0.3.tgz",
          "integrity": "sha1-BNmbSh6vnl95wF5ddF1T7dGqiqE="
        },
        "leven": {
          "version": "1.0.2",
          "resolved": "https://registry.npmjs.org/leven/-/leven-1.0.2.tgz",
          "integrity": "sha1-kUS27ryl8dBoAWnxpncNzqYLdcM="
        },
        "line-numbers": {
          "version": "0.2.0",
          "resolved": "https://registry.npmjs.org/line-numbers/-/line-numbers-0.2.0.tgz",
          "integrity": "sha1-a8AoFJRA5XDUlatQlpKqCL13nG4=",
          "requires": {
            "left-pad": "0.0.3"
          }
        },
        "lodash": {
          "version": "3.10.1",
          "resolved": "https://registry.npmjs.org/lodash/-/lodash-3.10.1.tgz",
          "integrity": "sha1-W/Rejkm6QYnhfUgnid/RW9FAt7Y="
        },
        "lru-cache": {
          "version": "2.7.0",
          "resolved": "https://registry.npmjs.org/lru-cache/-/lru-cache-2.7.0.tgz",
          "integrity": "sha1-qqN2pM2XD5zr9ewZCVZuwDTwfuY="
        },
        "minimatch": {
          "version": "2.0.10",
          "resolved": "https://registry.npmjs.org/minimatch/-/minimatch-2.0.10.tgz",
          "integrity": "sha1-jQh8OcazjAAbl/ynzm0OHoCvusc=",
          "requires": {
            "brace-expansion": "1.1.0"
          }
        },
        "minimist": {
          "version": "1.2.0",
          "resolved": "https://registry.npmjs.org/minimist/-/minimist-1.2.0.tgz",
          "integrity": "sha1-o1AIsg9BOD7sH7kU9M1d95omQoQ="
        },
        "mkdirp": {
          "version": "0.5.1",
          "resolved": "https://registry.npmjs.org/mkdirp/-/mkdirp-0.5.1.tgz",
          "integrity": "sha1-MAV0OOrGz3+MR2fzhkjWaX11yQM=",
          "requires": {
            "minimist": "0.0.8"
          },
          "dependencies": {
            "minimist": {
              "version": "0.0.8",
              "resolved": "https://registry.npmjs.org/minimist/-/minimist-0.0.8.tgz",
              "integrity": "sha1-hX/Kv8M5fSYluCKCYuhqp6ARsF0="
            }
          }
        },
        "ms": {
          "version": "0.7.1",
          "resolved": "https://registry.npmjs.org/ms/-/ms-0.7.1.tgz",
          "integrity": "sha1-nNE8A62/8ltl7/3nzoZO6VIBcJg="
        },
        "number-is-nan": {
          "version": "1.0.0",
          "resolved": "https://registry.npmjs.org/number-is-nan/-/number-is-nan-1.0.0.tgz",
          "integrity": "sha1-wCD1KcUoKt/dIz2R1LGBw9aG3Es="
        },
        "once": {
          "version": "1.3.2",
          "resolved": "https://registry.npmjs.org/once/-/once-1.3.2.tgz",
          "integrity": "sha1-2P7sqTsDnsHc3ud0HJK9rF4oCBs=",
          "requires": {
            "wrappy": "1.0.1"
          }
        },
        "optimist": {
          "version": "0.3.7",
          "resolved": "https://registry.npmjs.org/optimist/-/optimist-0.3.7.tgz",
          "integrity": "sha1-yQlBrVnkJzMokjB00s8ufLxuwNk=",
          "requires": {
            "wordwrap": "0.0.3"
          }
        },
        "os-tmpdir": {
          "version": "1.0.1",
          "resolved": "https://registry.npmjs.org/os-tmpdir/-/os-tmpdir-1.0.1.tgz",
          "integrity": "sha1-6bQjoe2vR5iCVi6S7XHXdDoHG24="
        },
        "output-file-sync": {
          "version": "1.1.1",
          "resolved": "https://registry.npmjs.org/output-file-sync/-/output-file-sync-1.1.1.tgz",
          "integrity": "sha1-pGU5l8LfY8mBH38dehIIQE7TLp4=",
          "requires": {
            "mkdirp": "0.5.1",
            "xtend": "4.0.0"
          }
        },
        "path-exists": {
          "version": "1.0.0",
          "resolved": "https://registry.npmjs.org/path-exists/-/path-exists-1.0.0.tgz",
          "integrity": "sha1-1aiZjrce83p0w06w2eum6HjuoIE="
        },
        "path-is-absolute": {
          "version": "1.0.0",
          "resolved": "https://registry.npmjs.org/path-is-absolute/-/path-is-absolute-1.0.0.tgz",
          "integrity": "sha1-Jj2tpmqz8vsQv3+dJN2PPlcO+RI="
        },
        "private": {
          "version": "0.1.6",
          "resolved": "https://registry.npmjs.org/private/-/private-0.1.6.tgz",
          "integrity": "sha1-VcapdtD5uvuZJIUTUP5HubX7t8E="
        },
        "promise": {
          "version": "7.0.4",
          "resolved": "https://registry.npmjs.org/promise/-/promise-7.0.4.tgz",
          "integrity": "sha1-Nj6EpMNsg1a4kP7WLJHOhdAu1Tk=",
          "requires": {
            "asap": "2.0.3"
          }
        },
        "q": {
          "version": "1.1.2",
          "resolved": "https://registry.npmjs.org/q/-/q-1.1.2.tgz",
          "integrity": "sha1-Y1fikSBnAdmfGXq4TlforRlvKok="
        },
        "recast": {
          "version": "0.10.24",
          "resolved": "https://registry.npmjs.org/recast/-/recast-0.10.24.tgz",
          "integrity": "sha1-7DR4EjIqyJWuGxLjBrZ/CE8CJ3o=",
          "requires": {
            "ast-types": "0.8.5",
            "esprima-fb": "15001.1.0-dev-harmony-fb",
            "private": "0.1.6",
            "source-map": "0.4.4"
          }
        },
        "regenerate": {
          "version": "1.2.1",
          "resolved": "https://registry.npmjs.org/regenerate/-/regenerate-1.2.1.tgz",
          "integrity": "sha1-njC6aKa9lqw9y6YqsJ1V1LL8vgQ="
        },
        "regenerator": {
          "version": "0.8.35",
          "resolved": "https://registry.npmjs.org/regenerator/-/regenerator-0.8.35.tgz",
          "integrity": "sha1-0LyuslGlCQG0FqfGvPUhXSbGgds=",
          "requires": {
            "commoner": "0.10.3",
            "defs": "1.1.0",
            "esprima-fb": "15001.1.0-dev-harmony-fb",
            "private": "0.1.6",
            "recast": "0.10.24",
            "through": "2.3.8"
          }
        },
        "regexpu": {
          "version": "1.2.0",
          "resolved": "https://registry.npmjs.org/regexpu/-/regexpu-1.2.0.tgz",
          "integrity": "sha1-9xxf/vuQqHbbg5aMqbLfKsqv/8Q=",
          "requires": {
            "recast": "0.10.24",
            "regenerate": "1.2.1",
            "regjsgen": "0.2.0",
            "regjsparser": "0.1.5"
          }
        },
        "regjsgen": {
          "version": "0.2.0",
          "resolved": "https://registry.npmjs.org/regjsgen/-/regjsgen-0.2.0.tgz",
          "integrity": "sha1-bAFq3qxVT3WCP+N6wFuS1aTtsfc="
        },
        "regjsparser": {
          "version": "0.1.5",
          "resolved": "https://registry.npmjs.org/regjsparser/-/regjsparser-0.1.5.tgz",
          "integrity": "sha1-fuj4Tcb6eS0/0K4ijSS9lJ6tIFw=",
          "requires": {
            "jsesc": "0.5.0"
          }
        },
        "repeating": {
          "version": "1.1.3",
          "resolved": "https://registry.npmjs.org/repeating/-/repeating-1.1.3.tgz",
          "integrity": "sha1-PUEUIYh3U3SU+X93+Xhfq4EPpKw=",
          "requires": {
            "is-finite": "1.0.1"
          }
        },
        "resolve": {
          "version": "1.1.6",
          "resolved": "https://registry.npmjs.org/resolve/-/resolve-1.1.6.tgz",
          "integrity": "sha1-00kq0FTKgA9b76YS5hvqwe7Jj48="
        },
        "shebang-regex": {
          "version": "1.0.0",
          "resolved": "https://registry.npmjs.org/shebang-regex/-/shebang-regex-1.0.0.tgz",
          "integrity": "sha1-2kL0l0DAtC2yypcoVxyxkMmO/qM="
        },
        "sigmund": {
          "version": "1.0.1",
          "resolved": "https://registry.npmjs.org/sigmund/-/sigmund-1.0.1.tgz",
          "integrity": "sha1-P/IfGYytIXX587eBhT/ZTQ0ZtZA="
        },
        "simple-fmt": {
          "version": "0.1.0",
          "resolved": "https://registry.npmjs.org/simple-fmt/-/simple-fmt-0.1.0.tgz",
          "integrity": "sha1-GRv1ZqWeZTBILLJatTtKjchcOms="
        },
        "simple-is": {
          "version": "0.2.0",
          "resolved": "https://registry.npmjs.org/simple-is/-/simple-is-0.2.0.tgz",
          "integrity": "sha1-Krt1qt453rXMgVzhDmGRFkhQuvA="
        },
        "slash": {
          "version": "1.0.0",
          "resolved": "https://registry.npmjs.org/slash/-/slash-1.0.0.tgz",
          "integrity": "sha1-xB8vbDn8FtHNF61LXYlhFK5HDVU="
        },
        "source-map": {
          "version": "0.4.4",
          "resolved": "https://registry.npmjs.org/source-map/-/source-map-0.4.4.tgz",
          "integrity": "sha1-66T12pwNyZneaAMti092FzZSA2s=",
          "requires": {
            "amdefine": "1.0.0"
          }
        },
        "source-map-support": {
          "version": "0.2.10",
          "resolved": "https://registry.npmjs.org/source-map-support/-/source-map-support-0.2.10.tgz",
          "integrity": "sha1-6lo5AKHByyUJagrozFwrSxDe09w=",
          "requires": {
            "source-map": "0.1.32"
          },
          "dependencies": {
            "source-map": {
              "version": "0.1.32",
              "resolved": "https://registry.npmjs.org/source-map/-/source-map-0.1.32.tgz",
              "integrity": "sha1-yLbBZ3l7pHQKjqMyUhYv8IWRsmY=",
              "requires": {
                "amdefine": "1.0.0"
              }
            }
          }
        },
        "stable": {
          "version": "0.1.5",
          "resolved": "https://registry.npmjs.org/stable/-/stable-0.1.5.tgz",
          "integrity": "sha1-CCMvYMcy6YkHhLW+0HNPizKoh7k="
        },
        "stringmap": {
          "version": "0.2.2",
          "resolved": "https://registry.npmjs.org/stringmap/-/stringmap-0.2.2.tgz",
          "integrity": "sha1-VWwTeyWPlCuHdvWy71gqoGnX0bE="
        },
        "stringset": {
          "version": "0.2.1",
          "resolved": "https://registry.npmjs.org/stringset/-/stringset-0.2.1.tgz",
          "integrity": "sha1-7yWcTjSTRDd/zRyRPdLoSMnAQrU="
        },
        "strip-ansi": {
          "version": "3.0.0",
          "resolved": "https://registry.npmjs.org/strip-ansi/-/strip-ansi-3.0.0.tgz",
          "integrity": "sha1-dRC2ZVZ8qRTMtdfgcnY6yWi+NyQ=",
          "requires": {
            "ansi-regex": "2.0.0"
          }
        },
        "supports-color": {
          "version": "2.0.0",
          "resolved": "https://registry.npmjs.org/supports-color/-/supports-color-2.0.0.tgz",
          "integrity": "sha1-U10EXOa2Nj+kARcIRimZXp3zJMc="
        },
        "through": {
          "version": "2.3.8",
          "resolved": "https://registry.npmjs.org/through/-/through-2.3.8.tgz",
          "integrity": "sha1-DdTJ/6q8NXlgsbckEV1+Doai4fU="
        },
        "to-fast-properties": {
          "version": "1.0.1",
          "resolved": "https://registry.npmjs.org/to-fast-properties/-/to-fast-properties-1.0.1.tgz",
          "integrity": "sha1-SkFVTSsvS74teUBg3Ec5axC7SKg="
        },
        "transformers": {
          "version": "2.1.0",
          "resolved": "https://registry.npmjs.org/transformers/-/transformers-2.1.0.tgz",
          "integrity": "sha1-XSPLNVYd2F3Gf7hIIwm0fVPM6ac=",
          "requires": {
            "css": "1.0.8",
            "promise": "2.0.0",
            "uglify-js": "2.2.5"
          },
          "dependencies": {
            "is-promise": {
              "version": "1.0.1",
              "resolved": "https://registry.npmjs.org/is-promise/-/is-promise-1.0.1.tgz",
              "integrity": "sha1-MVc3YcBX4zwukaq56W2gjO++duU="
            },
            "promise": {
              "version": "2.0.0",
              "resolved": "https://registry.npmjs.org/promise/-/promise-2.0.0.tgz",
              "integrity": "sha1-RmSKqdYFr10ucMMCS/WUNtoCuA4=",
              "requires": {
                "is-promise": "1.0.1"
              }
            },
            "source-map": {
              "version": "0.1.43",
              "resolved": "https://registry.npmjs.org/source-map/-/source-map-0.1.43.tgz",
              "integrity": "sha1-wkvBRspRfBRx9drL4lcbK3+eM0Y=",
              "requires": {
                "amdefine": "1.0.0"
              }
            },
            "uglify-js": {
              "version": "2.2.5",
              "resolved": "https://registry.npmjs.org/uglify-js/-/uglify-js-2.2.5.tgz",
              "integrity": "sha1-puAqcNg5eSuXgEiLe4sYTAlcmcc=",
              "requires": {
                "optimist": "0.3.7",
                "source-map": "0.1.43"
              }
            }
          }
        },
        "trim-right": {
          "version": "1.0.1",
          "resolved": "https://registry.npmjs.org/trim-right/-/trim-right-1.0.1.tgz",
          "integrity": "sha1-yy4SAwZ+DI3h9hQJS5/kVwTqYAM="
        },
        "try-resolve": {
          "version": "1.0.1",
          "resolved": "https://registry.npmjs.org/try-resolve/-/try-resolve-1.0.1.tgz",
          "integrity": "sha1-z95vq9ctY+V5fPqrhzq76OcA6RI="
        },
        "tryor": {
          "version": "0.1.2",
          "resolved": "https://registry.npmjs.org/tryor/-/tryor-0.1.2.tgz",
          "integrity": "sha1-gUXkynyv9ArN48z5Rui4u3W0Fys="
        },
        "uglify-js": {
          "version": "2.4.24",
          "resolved": "https://registry.npmjs.org/uglify-js/-/uglify-js-2.4.24.tgz",
          "integrity": "sha1-+tV1XB4Vd2WLsG/5q25UjJW+vW4=",
          "requires": {
            "async": "0.2.10",
            "source-map": "0.1.34",
            "uglify-to-browserify": "1.0.2",
            "yargs": "3.5.4"
          },
          "dependencies": {
            "source-map": {
              "version": "0.1.34",
              "resolved": "https://registry.npmjs.org/source-map/-/source-map-0.1.34.tgz",
              "integrity": "sha1-p8/omux7FoLDsZjQrPtH19CQVms=",
              "requires": {
                "amdefine": "1.0.0"
              }
            },
            "wordwrap": {
              "version": "0.0.2",
              "resolved": "https://registry.npmjs.org/wordwrap/-/wordwrap-0.0.2.tgz",
              "integrity": "sha1-t5Zpu0LstAn4PVg8rVLKF+qhZD8="
            },
            "yargs": {
              "version": "3.5.4",
              "resolved": "https://registry.npmjs.org/yargs/-/yargs-3.5.4.tgz",
              "integrity": "sha1-2K/49mXpTDS9JZvevRv68N3TU2E=",
              "requires": {
                "camelcase": "1.2.1",
                "decamelize": "1.0.0",
                "window-size": "0.1.0",
                "wordwrap": "0.0.2"
              }
            }
          }
        },
        "uglify-to-browserify": {
          "version": "1.0.2",
          "resolved": "https://registry.npmjs.org/uglify-to-browserify/-/uglify-to-browserify-1.0.2.tgz",
          "integrity": "sha1-bgkk1r2mta/jSeOabWMoUKD4grc="
        },
        "user-home": {
          "version": "1.1.1",
          "resolved": "https://registry.npmjs.org/user-home/-/user-home-1.1.1.tgz",
          "integrity": "sha1-K1viOjK2Onyd640PKNSFcko98ZA="
        },
        "void-elements": {
          "version": "2.0.1",
          "resolved": "https://registry.npmjs.org/void-elements/-/void-elements-2.0.1.tgz",
          "integrity": "sha1-wGavtYK7HLQSjWDqkjkulNXp2+w="
        },
        "window-size": {
          "version": "0.1.0",
          "resolved": "https://registry.npmjs.org/window-size/-/window-size-0.1.0.tgz",
          "integrity": "sha1-VDjNLqk7IC76Ohn+iIeu58lPnJ0="
        },
        "with": {
          "version": "4.0.3",
          "resolved": "https://registry.npmjs.org/with/-/with-4.0.3.tgz",
          "integrity": "sha1-7v0VTp550sjTQXtkeo8U2f7M4U4=",
          "requires": {
            "acorn": "1.2.2",
            "acorn-globals": "1.0.6"
          },
          "dependencies": {
            "acorn": {
              "version": "1.2.2",
              "resolved": "https://registry.npmjs.org/acorn/-/acorn-1.2.2.tgz",
              "integrity": "sha1-yM4n3grMdtiW0rH6099YjZ6C8BQ="
            }
          }
        },
        "wordwrap": {
          "version": "0.0.3",
          "resolved": "https://registry.npmjs.org/wordwrap/-/wordwrap-0.0.3.tgz",
          "integrity": "sha1-o9XabNXAvAAI03I0u68b7WMFkQc="
        },
        "wrappy": {
          "version": "1.0.1",
          "resolved": "https://registry.npmjs.org/wrappy/-/wrappy-1.0.1.tgz",
          "integrity": "sha1-HmWWmWXMvC20VIxrhKbyxa7dRzk="
        },
        "xtend": {
          "version": "4.0.0",
          "resolved": "https://registry.npmjs.org/xtend/-/xtend-4.0.0.tgz",
          "integrity": "sha1-i8Nv+Hrtvnzp6vC8o2sjVKdDhA8="
        },
        "yargs": {
          "version": "1.3.3",
          "resolved": "https://registry.npmjs.org/yargs/-/yargs-1.3.3.tgz",
          "integrity": "sha1-BU3oth8i7v23IHBZ6u+da4P7kxo="
        }
      }
    },
    "meteor-promise": {
      "version": "0.5.1",
      "resolved": "https://registry.npmjs.org/meteor-promise/-/meteor-promise-0.5.1.tgz",
      "integrity": "sha1-E8lZGeL23cj/vkVxIxLpe9O+xH0=",
      "requires": {
        "promise": "7.0.4"
      },
      "dependencies": {
        "asap": {
          "version": "2.0.6",
          "resolved": "https://registry.npmjs.org/asap/-/asap-2.0.6.tgz",
          "integrity": "sha1-5QNHYR1+aQlDIIu9r+vLwvuGbUY="
        },
        "promise": {
          "version": "7.0.4",
          "resolved": "https://registry.npmjs.org/promise/-/promise-7.0.4.tgz",
          "integrity": "sha1-Nj6EpMNsg1a4kP7WLJHOhdAu1Tk=",
          "requires": {
            "asap": "2.0.6"
          }
        }
      }
    },
    "sync": {
      "version": "0.2.5",
      "resolved": "https://registry.npmjs.org/sync/-/sync-0.2.5.tgz",
      "integrity": "sha1-ORC7m2ar7lZULi5w8M5UkDElLfY=",
      "requires": {
        "fibers": "1.0.15"
      }
    },
    "underscore": {
      "version": "1.8.3",
      "resolved": "https://registry.npmjs.org/underscore/-/underscore-1.8.3.tgz",
      "integrity": "sha1-Tz+1OxBuYJf8+ctBCfKl6b36UCI="
    }
  }
}
