{
  "name": "react-meteor-data",
  "requires": true,
  "lockfileVersion": 1,
  "dependencies": {
    "@babel/runtime": {
      "version": "7.9.2",
      "resolved": "https://registry.npmjs.org/@babel/runtime/-/runtime-7.9.2.tgz",
      "integrity": "sha512-NE2DtOdufG7R5vnfQUTehdTfNycfUANEtCa9PssN9O/xmTzP4E08UI797ixaei6hBEVL9BI/PsdJS5x7mWoB9Q==",
      "requires": {
        "regenerator-runtime": "^0.13.4"
      }
    },
    "@babel/runtime-corejs3": {
      "version": "7.9.2",
      "resolved": "https://registry.npmjs.org/@babel/runtime-corejs3/-/runtime-corejs3-7.9.2.tgz",
      "integrity": "sha512-HHxmgxbIzOfFlZ+tdeRKtaxWOMUoCG5Mu3wKeUmOxjYrwb3AAHgnmtCUbPPK11/raIWLIBK250t8E2BPO0p7jA==",
      "requires": {
        "core-js-pure": "^3.0.0",
        "regenerator-runtime": "^0.13.4"
      }
    },
    "@jest/types": {
      "version": "25.3.0",
      "resolved": "https://registry.npmjs.org/@jest/types/-/types-25.3.0.tgz",
      "integrity": "sha512-UkaDNewdqXAmCDbN2GlUM6amDKS78eCqiw/UmF5nE0mmLTd6moJkiZJML/X52Ke3LH7Swhw883IRXq8o9nWjVw==",
      "requires": {
        "@types/istanbul-lib-coverage": "^2.0.0",
        "@types/istanbul-reports": "^1.1.1",
        "@types/yargs": "^15.0.0",
        "chalk": "^3.0.0"
      }
    },
    "@testing-library/dom": {
      "version": "7.2.1",
      "resolved": "https://registry.npmjs.org/@testing-library/dom/-/dom-7.2.1.tgz",
      "integrity": "sha512-xIGoHlQ2ZiEL1dJIFKNmLDypzYF+4OJTTASRctl/aoIDaS5y/pRVHRigoqvPUV11mdJoR71IIgi/6UviMgyz4g==",
      "requires": {
        "@babel/runtime": "^7.9.2",
        "@types/testing-library__dom": "^7.0.0",
        "aria-query": "^4.0.2",
        "dom-accessibility-api": "^0.4.2",
        "pretty-format": "^25.1.0"
      }
    },
    "@testing-library/react": {
      "version": "10.0.2",
      "resolved": "https://registry.npmjs.org/@testing-library/react/-/react-10.0.2.tgz",
      "integrity": "sha512-YT6Mw0oJz7R6vlEkmo1FlUD+K15FeXApOB5Ffm9zooFVnrwkt00w18dUJFMOh1yRp9wTdVRonbor7o4PIpFCmA==",
      "requires": {
        "@babel/runtime": "^7.9.2",
        "@testing-library/dom": "^7.1.0",
        "@types/testing-library__react": "^10.0.0"
      }
    },
    "@types/bson": {
      "version": "4.0.2",
      "resolved": "https://registry.npmjs.org/@types/bson/-/bson-4.0.2.tgz",
      "integrity": "sha512-+uWmsejEHfmSjyyM/LkrP0orfE2m5Mx9Xel4tXNeqi1ldK5XMQcDsFkBmLDtuyKUbxj2jGDo0H240fbCRJZo7Q==",
      "requires": {
        "@types/node": "*"
      }
    },
    "@types/color-name": {
      "version": "1.1.1",
      "resolved": "https://registry.npmjs.org/@types/color-name/-/color-name-1.1.1.tgz",
      "integrity": "sha512-rr+OQyAjxze7GgWrSaJwydHStIhHq2lvY3BOC2Mj7KnzI7XK0Uw1TOOdI9lDoajEbSWLiYgoo4f1R51erQfhPQ=="
    },
    "@types/connect": {
      "version": "3.4.33",
      "resolved": "https://registry.npmjs.org/@types/connect/-/connect-3.4.33.tgz",
      "integrity": "sha512-2+FrkXY4zllzTNfJth7jOqEHC+enpLeGslEhpnTAkg21GkRrWV4SsAtqchtT4YS9/nODBU2/ZfsBY2X4J/dX7A==",
      "requires": {
        "@types/node": "*"
      }
    },
    "@types/istanbul-lib-coverage": {
      "version": "2.0.1",
      "resolved": "https://registry.npmjs.org/@types/istanbul-lib-coverage/-/istanbul-lib-coverage-2.0.1.tgz",
      "integrity": "sha512-hRJD2ahnnpLgsj6KWMYSrmXkM3rm2Dl1qkx6IOFD5FnuNPXJIG5L0dhgKXCYTRMGzU4n0wImQ/xfmRc4POUFlg=="
    },
    "@types/istanbul-lib-report": {
      "version": "3.0.0",
      "resolved": "https://registry.npmjs.org/@types/istanbul-lib-report/-/istanbul-lib-report-3.0.0.tgz",
      "integrity": "sha512-plGgXAPfVKFoYfa9NpYDAkseG+g6Jr294RqeqcqDixSbU34MZVJRi/P+7Y8GDpzkEwLaGZZOpKIEmeVZNtKsrg==",
      "requires": {
        "@types/istanbul-lib-coverage": "*"
      }
    },
    "@types/istanbul-reports": {
      "version": "1.1.1",
      "resolved": "https://registry.npmjs.org/@types/istanbul-reports/-/istanbul-reports-1.1.1.tgz",
      "integrity": "sha512-UpYjBi8xefVChsCoBpKShdxTllC9pwISirfoZsUa2AAdQg/Jd2KQGtSbw+ya7GPo7x/wAPlH6JBhKhAsXUEZNA==",
      "requires": {
        "@types/istanbul-lib-coverage": "*",
        "@types/istanbul-lib-report": "*"
      }
    },
    "@types/meteor": {
      "version": "1.4.42",
      "resolved": "https://registry.npmjs.org/@types/meteor/-/meteor-1.4.42.tgz",
      "integrity": "sha512-gaYksL5mAhvEAgGYZyz1HOYTSZx4Fg3RG9yA3qSGi0bFbvut3lbTVORU7Ry2Z29n//ghgt+grxVmCIXBPjfcLw==",
      "requires": {
        "@types/connect": "*",
        "@types/mongodb": "*",
        "@types/react": "*",
        "@types/underscore": "*"
      }
    },
    "@types/mongodb": {
      "version": "3.5.5",
      "resolved": "https://registry.npmjs.org/@types/mongodb/-/mongodb-3.5.5.tgz",
      "integrity": "sha512-iIWBu740IPolqzpYUBdQs1T4LMiJv1CIIcJb6gX2mGtb/VmnFWONSiyUG+lJF4IUg+QEuIqpalW3eshiTCc8dQ==",
      "requires": {
        "@types/bson": "*",
        "@types/node": "*"
      }
    },
    "@types/node": {
      "version": "13.11.1",
      "resolved": "https://registry.npmjs.org/@types/node/-/node-13.11.1.tgz",
      "integrity": "sha512-eWQGP3qtxwL8FGneRrC5DwrJLGN4/dH1clNTuLfN81HCrxVtxRjygDTUoZJ5ASlDEeo0ppYFQjQIlXhtXpOn6g=="
    },
    "@types/prop-types": {
      "version": "15.7.3",
      "resolved": "https://registry.npmjs.org/@types/prop-types/-/prop-types-15.7.3.tgz",
      "integrity": "sha512-KfRL3PuHmqQLOG+2tGpRO26Ctg+Cq1E01D2DMriKEATHgWLfeNDmq9e29Q9WIky0dQ3NPkd1mzYH8Lm936Z9qw=="
    },
    "@types/react": {
      "version": "16.9.34",
      "resolved": "https://registry.npmjs.org/@types/react/-/react-16.9.34.tgz",
      "integrity": "sha512-8AJlYMOfPe1KGLKyHpflCg5z46n0b5DbRfqDksxBLBTUpB75ypDBAO9eCUcjNwE6LCUslwTz00yyG/X9gaVtow==",
      "requires": {
        "@types/prop-types": "*",
        "csstype": "^2.2.0"
      }
    },
    "@types/react-dom": {
      "version": "16.9.6",
      "resolved": "https://registry.npmjs.org/@types/react-dom/-/react-dom-16.9.6.tgz",
      "integrity": "sha512-S6ihtlPMDotrlCJE9ST1fRmYrQNNwfgL61UB4I1W7M6kPulUKx9fXAleW5zpdIjUQ4fTaaog8uERezjsGUj9HQ==",
      "requires": {
        "@types/react": "*"
      }
    },
    "@types/testing-library__dom": {
      "version": "7.0.1",
      "resolved": "https://registry.npmjs.org/@types/testing-library__dom/-/testing-library__dom-7.0.1.tgz",
      "integrity": "sha512-WokGRksRJb3Dla6h02/0/NNHTkjsj4S8aJZiwMj/5/UL8VZ1iCe3H8SHzfpmBeH8Vp4SPRT8iC2o9kYULFhDIw==",
      "requires": {
        "pretty-format": "^25.1.0"
      }
    },
    "@types/testing-library__react": {
      "version": "10.0.1",
      "resolved": "https://registry.npmjs.org/@types/testing-library__react/-/testing-library__react-10.0.1.tgz",
      "integrity": "sha512-RbDwmActAckbujLZeVO/daSfdL1pnjVqas25UueOkAY5r7vriavWf0Zqg7ghXMHa8ycD/kLkv8QOj31LmSYwww==",
      "requires": {
        "@types/react-dom": "*",
        "@types/testing-library__dom": "*",
        "pretty-format": "^25.1.0"
      }
    },
    "@types/underscore": {
      "version": "1.9.4",
      "resolved": "https://registry.npmjs.org/@types/underscore/-/underscore-1.9.4.tgz",
      "integrity": "sha512-CjHWEMECc2/UxOZh0kpiz3lEyX2Px3rQS9HzD20lxMvx571ivOBQKeLnqEjxUY0BMgp6WJWo/pQLRBwMW5v4WQ=="
    },
    "@types/yargs": {
      "version": "15.0.4",
      "resolved": "https://registry.npmjs.org/@types/yargs/-/yargs-15.0.4.tgz",
      "integrity": "sha512-9T1auFmbPZoxHz0enUFlUuKRy3it01R+hlggyVUMtnCTQRunsQYifnSGb8hET4Xo8yiC0o0r1paW3ud5+rbURg==",
      "requires": {
        "@types/yargs-parser": "*"
      }
    },
    "@types/yargs-parser": {
      "version": "15.0.0",
      "resolved": "https://registry.npmjs.org/@types/yargs-parser/-/yargs-parser-15.0.0.tgz",
      "integrity": "sha512-FA/BWv8t8ZWJ+gEOnLLd8ygxH/2UFbAvgEonyfN6yWGLKc7zVjbpl2Y4CTjid9h2RfgPP6SEt6uHwEOply00yw=="
    },
    "ansi-regex": {
      "version": "5.0.0",
      "resolved": "https://registry.npmjs.org/ansi-regex/-/ansi-regex-5.0.0.tgz",
      "integrity": "sha512-bY6fj56OUQ0hU1KjFNDQuJFezqKdrAyFdIevADiqrWHwSlbmBNMHp5ak2f40Pm8JTFyM2mqxkG6ngkHO11f/lg=="
    },
    "ansi-styles": {
      "version": "4.2.1",
      "resolved": "https://registry.npmjs.org/ansi-styles/-/ansi-styles-4.2.1.tgz",
      "integrity": "sha512-9VGjrMsG1vePxcSweQsN20KY/c4zN0h9fLjqAbwbPfahM3t+NL+M9HC8xeXG2I8pX5NoamTGNuomEUFI7fcUjA==",
      "requires": {
        "@types/color-name": "^1.1.1",
        "color-convert": "^2.0.1"
      }
    },
    "aria-query": {
      "version": "4.0.2",
      "resolved": "https://registry.npmjs.org/aria-query/-/aria-query-4.0.2.tgz",
      "integrity": "sha512-S1G1V790fTaigUSM/Gd0NngzEfiMy9uTUfMyHhKhVyy4cH5O/eTuR01ydhGL0z4Za1PXFTRGH3qL8VhUQuEO5w==",
      "requires": {
        "@babel/runtime": "^7.7.4",
        "@babel/runtime-corejs3": "^7.7.4"
      }
    },
    "chalk": {
      "version": "3.0.0",
      "resolved": "https://registry.npmjs.org/chalk/-/chalk-3.0.0.tgz",
      "integrity": "sha512-4D3B6Wf41KOYRFdszmDqMCGq5VV/uMAB273JILmO+3jAlh8X4qDtdtgCR3fxtbLEMzSx22QdhnDcJvu2u1fVwg==",
      "requires": {
        "ansi-styles": "^4.1.0",
        "supports-color": "^7.1.0"
      }
    },
    "color-convert": {
      "version": "2.0.1",
      "resolved": "https://registry.npmjs.org/color-convert/-/color-convert-2.0.1.tgz",
      "integrity": "sha512-RRECPsj7iu/xb5oKYcsFHSppFNnsj/52OVTRKb4zP5onXwVF3zVmmToNcOfGC+CRDpfK/U584fMg38ZHCaElKQ==",
      "requires": {
        "color-name": "~1.1.4"
      }
    },
    "color-name": {
      "version": "1.1.4",
      "resolved": "https://registry.npmjs.org/color-name/-/color-name-1.1.4.tgz",
      "integrity": "sha512-dOy+3AuW3a2wNbZHIuMZpTcgjGuLU/uBL/ubcZF9OXbDo8ff4O8yVp5Bf0efS8uEoYo5q4Fx7dY9OgQGXgAsQA=="
    },
    "core-js-pure": {
      "version": "3.6.5",
      "resolved": "https://registry.npmjs.org/core-js-pure/-/core-js-pure-3.6.5.tgz",
      "integrity": "sha512-lacdXOimsiD0QyNf9BC/mxivNJ/ybBGJXQFKzRekp1WTHoVUWsUHEn+2T8GJAzzIhyOuXA+gOxCVN3l+5PLPUA=="
    },
    "csstype": {
      "version": "2.6.10",
      "resolved": "https://registry.npmjs.org/csstype/-/csstype-2.6.10.tgz",
      "integrity": "sha512-D34BqZU4cIlMCY93rZHbrq9pjTAQJ3U8S8rfBqjwHxkGPThWFjzZDQpgMJY0QViLxth6ZKYiwFBo14RdN44U/w=="
    },
    "dom-accessibility-api": {
      "version": "0.4.3",
      "resolved": "https://registry.npmjs.org/dom-accessibility-api/-/dom-accessibility-api-0.4.3.tgz",
      "integrity": "sha512-JZ8iPuEHDQzq6q0k7PKMGbrIdsgBB7TRrtVOUm4nSMCExlg5qQG4KXWTH2k90yggjM4tTumRGwTKJSldMzKyLA=="
    },
    "has-flag": {
      "version": "4.0.0",
      "resolved": "https://registry.npmjs.org/has-flag/-/has-flag-4.0.0.tgz",
      "integrity": "sha512-EykJT/Q1KjTWctppgIAgfSO0tKVuZUjhgMr17kqTumMl6Afv3EISleU7qZUzoXDFTAHTDC4NOoG/ZxU3EvlMPQ=="
    },
    "js-tokens": {
      "version": "4.0.0",
      "resolved": "https://registry.npmjs.org/js-tokens/-/js-tokens-4.0.0.tgz",
      "integrity": "sha512-RdJUflcE3cUzKiMqQgsCu06FPu9UdIJO0beYbPhHN4k6apgJtifcoCtT9bcxOpYBtpD2kCM6Sbzg4CausW/PKQ=="
    },
    "loose-envify": {
      "version": "1.4.0",
      "resolved": "https://registry.npmjs.org/loose-envify/-/loose-envify-1.4.0.tgz",
      "integrity": "sha512-lyuxPGr/Wfhrlem2CL/UcnUc1zcqKAImBDzukY7Y5F/yQiNdko6+fRLevlw1HgMySw7f611UIY408EtxRSoK3Q==",
      "requires": {
        "js-tokens": "^3.0.0 || ^4.0.0"
      }
    },
    "object-assign": {
      "version": "4.1.1",
      "resolved": "https://registry.npmjs.org/object-assign/-/object-assign-4.1.1.tgz",
      "integrity": "sha1-IQmtx5ZYh8/AXLvUQsrIv7s2CGM="
    },
    "pretty-format": {
      "version": "25.3.0",
      "resolved": "https://registry.npmjs.org/pretty-format/-/pretty-format-25.3.0.tgz",
      "integrity": "sha512-wToHwF8bkQknIcFkBqNfKu4+UZqnrLn/Vr+wwKQwwvPzkBfDDKp/qIabFqdgtoi5PEnM8LFByVsOrHoa3SpTVA==",
      "requires": {
        "@jest/types": "^25.3.0",
        "ansi-regex": "^5.0.0",
        "ansi-styles": "^4.0.0",
        "react-is": "^16.12.0"
      }
    },
    "prop-types": {
      "version": "15.7.2",
      "resolved": "https://registry.npmjs.org/prop-types/-/prop-types-15.7.2.tgz",
      "integrity": "sha512-8QQikdH7//R2vurIJSutZ1smHYTcLpRWEOlHnzcWHmBYrOGUysKwSsrC89BCiFj3CbrfJ/nXFdJepOVrY1GCHQ==",
      "requires": {
        "loose-envify": "^1.4.0",
        "object-assign": "^4.1.1",
        "react-is": "^16.8.1"
      }
    },
    "react": {
      "version": "16.13.1",
      "resolved": "https://registry.npmjs.org/react/-/react-16.13.1.tgz",
      "integrity": "sha512-YMZQQq32xHLX0bz5Mnibv1/LHb3Sqzngu7xstSM+vrkE5Kzr9xE0yMByK5kMoTK30YVJE61WfbxIFFvfeDKT1w==",
      "requires": {
        "loose-envify": "^1.1.0",
        "object-assign": "^4.1.1",
        "prop-types": "^15.6.2"
      }
    },
    "react-dom": {
      "version": "16.13.1",
      "resolved": "https://registry.npmjs.org/react-dom/-/react-dom-16.13.1.tgz",
      "integrity": "sha512-81PIMmVLnCNLO/fFOQxdQkvEq/+Hfpv24XNJfpyZhTRfO0QcmQIF/PgCa1zCOj2w1hrn12MFLyaJ/G0+Mxtfag==",
      "requires": {
        "loose-envify": "^1.1.0",
        "object-assign": "^4.1.1",
        "prop-types": "^15.6.2",
        "scheduler": "^0.19.1"
      }
    },
    "react-is": {
      "version": "16.13.1",
      "resolved": "https://registry.npmjs.org/react-is/-/react-is-16.13.1.tgz",
      "integrity": "sha512-24e6ynE2H+OKt4kqsOvNd8kBpV65zoxbA4BVsEOB3ARVWQki/DHzaUoC5KuON/BiccDaCCTZBuOcfZs70kR8bQ=="
    },
    "react-test-renderer": {
      "version": "16.13.1",
      "resolved": "https://registry.npmjs.org/react-test-renderer/-/react-test-renderer-16.13.1.tgz",
      "integrity": "sha512-Sn2VRyOK2YJJldOqoh8Tn/lWQ+ZiKhyZTPtaO0Q6yNj+QDbmRkVFap6pZPy3YQk8DScRDfyqm/KxKYP9gCMRiQ==",
      "requires": {
        "object-assign": "^4.1.1",
        "prop-types": "^15.6.2",
        "react-is": "^16.8.6",
        "scheduler": "^0.19.1"
      }
    },
    "regenerator-runtime": {
      "version": "0.13.5",
      "resolved": "https://registry.npmjs.org/regenerator-runtime/-/regenerator-runtime-0.13.5.tgz",
      "integrity": "sha512-ZS5w8CpKFinUzOwW3c83oPeVXoNsrLsaCoLtJvAClH135j/R77RuymhiSErhm2lKcwSCIpmvIWSbDkIfAqKQlA=="
    },
    "scheduler": {
      "version": "0.19.1",
      "resolved": "https://registry.npmjs.org/scheduler/-/scheduler-0.19.1.tgz",
      "integrity": "sha512-n/zwRWRYSUj0/3g/otKDRPMh6qv2SYMWNq85IEa8iZyAv8od9zDYpGSnpBEjNgcMNq6Scbu5KfIPxNF72R/2EA==",
      "requires": {
        "loose-envify": "^1.1.0",
        "object-assign": "^4.1.1"
      }
    },
    "supports-color": {
      "version": "7.1.0",
      "resolved": "https://registry.npmjs.org/supports-color/-/supports-color-7.1.0.tgz",
      "integrity": "sha512-oRSIpR8pxT1Wr2FquTNnGet79b3BWljqOuoW/h4oBhxJ/HUbX5nX6JSruTkvXDCFMwDPvsaTTbvMLKZWSy0R5g==",
      "requires": {
        "has-flag": "^4.0.0"
      }
    }
  }
}
